
Microsoft Visual Studio Solution File, Format Version 12.00
# Visual Studio 14
VisualStudioVersion = 14.0.25420.1
MinimumVisualStudioVersion = 10.0.40219.1
Project("{FAE04EC0-301F-11D3-BF4B-00C04F79EFBC}") = "WindowFramework", "WindowFramework\WindowFramework.csproj", "{F4822661-756B-43E3-95CE-5FBE4FB43AFE}"
EndProject
Global
	GlobalSection(SolutionConfigurationPlatforms) = preSolution
		Debug|Any CPU = Debug|Any CPU
		Release|Any CPU = Release|Any CPU
	EndGlobalSection
	GlobalSection(ProjectConfigurationPlatforms) = postSolution
		{F4822661-756B-43E3-95CE-5FBE4FB43AFE}.Debug|Any CPU.ActiveCfg = Debug|Any CPU
		{F4822661-756B-43E3-95CE-5FBE4FB43AFE}.Debug|Any CPU.Build.0 = Debug|Any CPU
		{F4822661-756B-43E3-95CE-5FBE4FB43AFE}.Release|Any CPU.ActiveCfg = Release|Any CPU
		{F4822661-756B-43E3-95CE-5FBE4FB43AFE}.Release|Any CPU.Build.0 = Release|Any CPU
	EndGlobalSection
	GlobalSection(SolutionProperties) = preSolution
		HideSolutionNode = FALSE
	EndGlobalSection
	GlobalSection(TeamFoundationVersionControl) = preSolution
		SccNumberOfProjects = 2
		SccEnterpriseProvider = {4CA58AB2-18FA-4F8D-95D4-32DDF27D184C}
		SccTeamFoundationServer = http://tfs651:8080/tfs/mes_cs_collection
		SccLocalPath0 = .
		SccProjectUniqueName1 = WindowFramework\\WindowFramework.csproj
		SccProjectName1 = WindowFramework
		SccLocalPath1 = WindowFramework
	EndGlobalSection
EndGlobal
